<?xml version="1.0" encoding="UTF-8" standalone="yes" ?>
<CodeBlocks_project_file>
	<FileVersion major="1" minor="6" />
	<Project>
		<Option title="Allegro_WinSockets" />
		<Option pch_mode="2" />
		<Option compiler="gcc" />
		<Build>
			<Target title="Debug">
				<Option output="bin\Debug\Allegro_WinSockets" prefix_auto="1" extension_auto="1" />
				<Option object_output="obj\Debug\" />
				<Option type="1" />
				<Option compiler="gcc" />
				<Compiler>
					<Add option="-g" />
					<Add directory="C:\Program Files (x86)\Microsoft SDKs\Windows\v7.0A\Include" />
					<Add directory="C:\Program Files (x86)\Microsoft Visual Studio 10.0\VC\include" />
				</Compiler>
				<Linker>
					<Add library="C:\Program Files (x86)\Microsoft SDKs\Windows\v7.0A\Lib\WS2_32.Lib" />
					<Add library="C:\Program Files (x86)\Microsoft SDKs\Windows\v7.0A\Lib\WSock32.Lib" />
					<Add directory="C:\Program Files (x86)\Microsoft SDKs\Windows\v7.0A\Lib" />
				</Linker>
			</Target>
			<Target title="Release">
				<Option output="bin\Release\Allegro_WinSockets" prefix_auto="1" extension_auto="1" />
				<Option object_output="obj\Release\" />
				<Option type="1" />
				<Option compiler="gcc" />
				<Compiler>
					<Add option="-O2" />
				</Compiler>
				<Linker>
					<Add option="-s" />
				</Linker>
			</Target>
		</Build>
		<Compiler>
			<Add option="-Wall" />
		</Compiler>
		<Unit filename="main.c">
			<Option compilerVar="CC" />
		</Unit>
		<Extensions>
			<code_completion />
			<debugger />
		</Extensions>
	</Project>
</CodeBlocks_project_file>
